// !$*UTF8*$!
{
	archiveVersion = 1;
	classes = {
	};
	objectVersion = 77;
	objects = {

/* Begin PBXBuildFile section */
		3855E6CA2F8F050400DA9553 /* Auth in Frameworks */ = {isa = PBXBuildFile; productRef = 3855E6C92F8F050400DA9553 /* Auth */; };
		3855E6CC2F8F050400DA9553 /* Functions in Frameworks */ = {isa = PBXBuildFile; productRef = 3855E6CB2F8F050400DA9553 /* Functions */; };
		3855E6CE2F8F050400DA9553 /* PostgREST in Frameworks */ = {isa = PBXBuildFile; productRef = 3855E6CD2F8F050400DA9553 /* PostgREST */; };
		3855E6D02F8F050400DA9553 /* Realtime in Frameworks */ = {isa = PBXBuildFile; productRef = 3855E6CF2F8F050400DA9553 /* Realtime */; };
		3855E6D22F8F050400DA9553 /* Storage in Frameworks */ = {isa = PBXBuildFile; productRef = 3855E6D12F8F050400DA9553 /* Storage */; };
		3855E6D42F8F050400DA9553 /* Supabase in Frameworks */ = {isa = PBXBuildFile; productRef = 3855E6D32F8F050400DA9553 /* Supabase */; };
		38C263C42F775C7600DC7A6F /* FirebaseAI in Frameworks */ = {isa = PBXBuildFile; productRef = 38C263C32F775C7600DC7A6F /* FirebaseAI */; };
		38C263C62F775C7600DC7A6F /* FirebaseAnalytics in Frameworks */ = {isa = PBXBuildFile; productRef = 38C263C52F775C7600DC7A6F /* FirebaseAnalytics */; };
		38C263C82F775C7600DC7A6F /* FirebaseAnalyticsCore in Frameworks */ = {isa = PBXBuildFile; productRef = 38C263C72F775C7600DC7A6F /* FirebaseAnalyticsCore */; };
		38C263CA2F775C7600DC7A6F /* FirebaseAnalyticsIdentitySupport in Frameworks */ = {isa = PBXBuildFile; productRef = 38C263C92F775C7600DC7A6F /* FirebaseAnalyticsIdentitySupport */; };
		38C263CC2F775C7600DC7A6F /* FirebaseAnalyticsOnDeviceConversion in Frameworks */ = {isa = PBXBuildFile; productRef = 38C263CB2F775C7600DC7A6F /* FirebaseAnalyticsOnDeviceConversion */; };
		38C263CE2F775C7600DC7A6F /* FirebaseAnalyticsWithoutAdIdSupport in Frameworks */ = {isa = PBXBuildFile; productRef = 38C263CD2F775C7600DC7A6F /* FirebaseAnalyticsWithoutAdIdSupport */; };
		38C263D02F775C7600DC7A6F /* FirebaseAppCheck in Frameworks */ = {isa = PBXBuildFile; productRef = 38C263CF2F775C7600DC7A6F /* FirebaseAppCheck */; };
		38C263D22F775C7600DC7A6F /* FirebaseAppDistribution-Beta in Frameworks */ = {isa = PBXBuildFile; productRef = 38C263D12F775C7600DC7A6F /* FirebaseAppDistribution-Beta */; };
		38C263D42F775C7600DC7A6F /* FirebaseAuth in Frameworks */ = {isa = PBXBuildFile; productRef = 38C263D32F775C7600DC7A6F /* FirebaseAuth */; };
		38C263D62F775C7600DC7A6F /* FirebaseAuthCombine-Community in Frameworks */ = {isa = PBXBuildFile; productRef = 38C263D52F775C7600DC7A6F /* FirebaseAuthCombine-Community */; };
		38C263D82F775C7600DC7A6F /* FirebaseCore in Frameworks */ = {isa = PBXBuildFile; productRef = 38C263D72F775C7600DC7A6F /* FirebaseCore */; };
		38C263DA2F775C7600DC7A6F /* FirebaseCrashlytics in Frameworks */ = {isa = PBXBuildFile; productRef = 38C263D92F775C7600DC7A6F /* FirebaseCrashlytics */; };
		38C263DC2F775C7600DC7A6F /* FirebaseDatabase in Frameworks */ = {isa = PBXBuildFile; productRef = 38C263DB2F775C7600DC7A6F /* FirebaseDatabase */; };
		38C263DE2F775C7600DC7A6F /* FirebaseDynamicLinks in Frameworks */ = {isa = PBXBuildFile; productRef = 38C263DD2F775C7600DC7A6F /* FirebaseDynamicLinks */; };
		38C263E02F775C7600DC7A6F /* FirebaseFirestore in Frameworks */ = {isa = PBXBuildFile; productRef = 38C263DF2F775C7600DC7A6F /* FirebaseFirestore */; };
		38C263E22F775C7600DC7A6F /* FirebaseFirestoreCombine-Community in Frameworks */ = {isa = PBXBuildFile; productRef = 38C263E12F775C7600DC7A6F /* FirebaseFirestoreCombine-Community */; };
		38C263E42F775C7600DC7A6F /* FirebaseFunctions in Frameworks */ = {isa = PBXBuildFile; productRef = 38C263E32F775C7600DC7A6F /* FirebaseFunctions */; };
		38C263E62F775C7600DC7A6F /* FirebaseFunctionsCombine-Community in Frameworks */ = {isa = PBXBuildFile; productRef = 38C263E52F775C7600DC7A6F /* FirebaseFunctionsCombine-Community */; };
		38C263E82F775C7600DC7A6F /* FirebaseInAppMessaging-Beta in Frameworks */ = {isa = PBXBuildFile; productRef = 38C263E72F775C7600DC7A6F /* FirebaseInAppMessaging-Beta */; };
		38C263EA2F775C7600DC7A6F /* FirebaseInstallations in Frameworks */ = {isa = PBXBuildFile; productRef = 38C263E92F775C7600DC7A6F /* FirebaseInstallations */; };
		38C263EC2F775C7600DC7A6F /* FirebaseMLModelDownloader in Frameworks */ = {isa = PBXBuildFile; productRef = 38C263EB2F775C7600DC7A6F /* FirebaseMLModelDownloader */; };
		38C263EE2F775C7600DC7A6F /* FirebaseMessaging in Frameworks */ = {isa = PBXBuildFile; productRef = 38C263ED2F775C7600DC7A6F /* FirebaseMessaging */; };
		38C263F02F775C7600DC7A6F /* FirebasePerformance in Frameworks */ = {isa = PBXBuildFile; productRef = 38C263EF2F775C7600DC7A6F /* FirebasePerformance */; };
		38C263F22F775C7600DC7A6F /* FirebaseRemoteConfig in Frameworks */ = {isa = PBXBuildFile; productRef = 38C263F12F775C7600DC7A6F /* FirebaseRemoteConfig */; };
		38C263F42F775C7600DC7A6F /* FirebaseStorage in Frameworks */ = {isa = PBXBuildFile; productRef = 38C263F32F775C7600DC7A6F /* FirebaseStorage */; };
		38C263F62F775C7600DC7A6F /* FirebaseStorageCombine-Community in Frameworks */ = {isa = PBXBuildFile; productRef = 38C263F52F775C7600DC7A6F /* FirebaseStorageCombine-Community */; };
		38C263F82F775C7600DC7A6F /* FirebaseVertexAI in Frameworks */ = {isa = PBXBuildFile; productRef = 38C263F72F775C7600DC7A6F /* FirebaseVertexAI */; };
/* End PBXBuildFile section */

/* Begin PBXFileReference section */
		384FC60C2F622EDE0096EE9F /* Spliteasy.app */ = {isa = PBXFileReference; explicitFileType = wrapper.application; includeInIndex = 0; path = Spliteasy.app; sourceTree = BUILT_PRODUCTS_DIR; };
/* End PBXFileReference section */

/* Begin PBXFileSystemSynchronizedRootGroup section */
		384FC60E2F622EDE0096EE9F /* Spliteasy */ = {
			isa = PBXFileSystemSynchronizedRootGroup;
			path = Spliteasy;
			sourceTree = "<group>";
		};
/* End PBXFileSystemSynchronizedRootGroup section */

/* Begin PBXFrameworksBuildPhase section */
		384FC6092F622EDE0096EE9F /* Frameworks */ = {
			isa = PBXFrameworksBuildPhase;
			buildActionMask = 2147483647;
			files = (
				38C263E42F775C7600DC7A6F /* FirebaseFunctions in Frameworks */,
				38C263DC2F775C7600DC7A6F /* FirebaseDatabase in Frameworks */,
				38C263CA2F775C7600DC7A6F /* FirebaseAnalyticsIdentitySupport in Frameworks */,
				38C263F42F775C7600DC7A6F /* FirebaseStorage in Frameworks */,
				38C263CE2F775C7600DC7A6F /* FirebaseAnalyticsWithoutAdIdSupport in Frameworks */,
				38C263D82F775C7600DC7A6F /* FirebaseCore in Frameworks */,
				38C263C62F775C7600DC7A6F /* FirebaseAnalytics in Frameworks */,
				38C263EC2F775C7600DC7A6F /* FirebaseMLModelDownloader in Frameworks */,
				38C263DE2F775C7600DC7A6F /* FirebaseDynamicLinks in Frameworks */,
				38C263CC2F775C7600DC7A6F /* FirebaseAnalyticsOnDeviceConversion in Frameworks */,
				3855E6CA2F8F050400DA9553 /* Auth in Frameworks */,
				3855E6D42F8F050400DA9553 /* Supabase in Frameworks */,
				38C263D42F775C7600DC7A6F /* FirebaseAuth in Frameworks */,
				38C263E02F775C7600DC7A6F /* FirebaseFirestore in Frameworks */,
				38C263E22F775C7600DC7A6F /* FirebaseFirestoreCombine-Community in Frameworks */,
				38C263F82F775C7600DC7A6F /* FirebaseVertexAI in Frameworks */,
				38C263E82F775C7600DC7A6F /* FirebaseInAppMessaging-Beta in Frameworks */,
				38C263E62F775C7600DC7A6F /* FirebaseFunctionsCombine-Community in Frameworks */,
				38C263D02F775C7600DC7A6F /* FirebaseAppCheck in Frameworks */,
				3855E6CC2F8F050400DA9553 /* Functions in Frameworks */,
				38C263F62F775C7600DC7A6F /* FirebaseStorageCombine-Community in Frameworks */,
				3855E6D02F8F050400DA9553 /* Realtime in Frameworks */,
				38C263F22F775C7600DC7A6F /* FirebaseRemoteConfig in Frameworks */,
				38C263C82F775C7600DC7A6F /* FirebaseAnalyticsCore in Frameworks */,
				38C263C42F775C7600DC7A6F /* FirebaseAI in Frameworks */,
				38C263F02F775C7600DC7A6F /* FirebasePerformance in Frameworks */,
				3855E6CE2F8F050400DA9553 /* PostgREST in Frameworks */,
				38C263DA2F775C7600DC7A6F /* FirebaseCrashlytics in Frameworks */,
				38C263D22F775C7600DC7A6F /* FirebaseAppDistribution-Beta in Frameworks */,
				3855E6D22F8F050400DA9553 /* Storage in Frameworks */,
				38C263D62F775C7600DC7A6F /* FirebaseAuthCombine-Community in Frameworks */,
				38C263EE2F775C7600DC7A6F /* FirebaseMessaging in Frameworks */,
				38C263EA2F775C7600DC7A6F /* FirebaseInstallations in Frameworks */,
			);
			runOnlyForDeploymentPostprocessing = 0;
		};
/* End PBXFrameworksBuildPhase section */

/* Begin PBXGroup section */
		384FC6032F622EDE0096EE9F = {
			isa = PBXGroup;
			children = (
				384FC60E2F622EDE0096EE9F /* Spliteasy */,
				384FC60D2F622EDE0096EE9F /* Products */,
			);
			sourceTree = "<group>";
		};
		384FC60D2F622EDE0096EE9F /* Products */ = {
			isa = PBXGroup;
			children = (
				384FC60C2F622EDE0096EE9F /* Spliteasy.app */,
			);
			name = Products;
			sourceTree = "<group>";
		};
/* End PBXGroup section */

/* Begin PBXNativeTarget section */
		384FC60B2F622EDE0096EE9F /* Spliteasy */ = {
			isa = PBXNativeTarget;
			buildConfigurationList = 384FC6172F622EDF0096EE9F /* Build configuration list for PBXNativeTarget "Spliteasy" */;
			buildPhases = (
				384FC6082F622EDE0096EE9F /* Sources */,
				384FC6092F622EDE0096EE9F /* Frameworks */,
				384FC60A2F622EDE0096EE9F /* Resources */,
			);
			buildRules = (
			);
			dependencies = (
			);
			fileSystemSynchronizedGroups = (
				384FC60E2F622EDE0096EE9F /* Spliteasy */,
			);
			name = Spliteasy;
			packageProductDependencies = (
				38C263C32F775C7600DC7A6F /* FirebaseAI */,
				38C263C52F775C7600DC7A6F /* FirebaseAnalytics */,
				38C263C72F775C7600DC7A6F /* FirebaseAnalyticsCore */,
				38C263C92F775C7600DC7A6F /* FirebaseAnalyticsIdentitySupport */,
				38C263CB2F775C7600DC7A6F /* FirebaseAnalyticsOnDeviceConversion */,
				38C263CD2F775C7600DC7A6F /* FirebaseAnalyticsWithoutAdIdSupport */,
				38C263CF2F775C7600DC7A6F /* FirebaseAppCheck */,
				38C263D12F775C7600DC7A6F /* FirebaseAppDistribution-Beta */,
				38C263D32F775C7600DC7A6F /* FirebaseAuth */,
				38C263D52F775C7600DC7A6F /* FirebaseAuthCombine-Community */,
				38C263D72F775C7600DC7A6F /* FirebaseCore */,
				38C263D92F775C7600DC7A6F /* FirebaseCrashlytics */,
				38C263DB2F775C7600DC7A6F /* FirebaseDatabase */,
				38C263DD2F775C7600DC7A6F /* FirebaseDynamicLinks */,
				38C263DF2F775C7600DC7A6F /* FirebaseFirestore */,
				38C263E12F775C7600DC7A6F /* FirebaseFirestoreCombine-Community */,
				38C263E32F775C7600DC7A6F /* FirebaseFunctions */,
				38C263E52F775C7600DC7A6F /* FirebaseFunctionsCombine-Community */,
				38C263E72F775C7600DC7A6F /* FirebaseInAppMessaging-Beta */,
				38C263E92F775C7600DC7A6F /* FirebaseInstallations */,
				38C263EB2F775C7600DC7A6F /* FirebaseMLModelDownloader */,
				38C263ED2F775C7600DC7A6F /* FirebaseMessaging */,
				38C263EF2F775C7600DC7A6F /* FirebasePerformance */,
				38C263F12F775C7600DC7A6F /* FirebaseRemoteConfig */,
				38C263F32F775C7600DC7A6F /* FirebaseStorage */,
				38C263F52F775C7600DC7A6F /* FirebaseStorageCombine-Community */,
				38C263F72F775C7600DC7A6F /* FirebaseVertexAI */,
				3855E6C92F8F050400DA9553 /* Auth */,
				3855E6CB2F8F050400DA9553 /* Functions */,
				3855E6CD2F8F050400DA9553 /* PostgREST */,
				3855E6CF2F8F050400DA9553 /* Realtime */,
				3855E6D12F8F050400DA9553 /* Storage */,
				3855E6D32F8F050400DA9553 /* Supabase */,
			);
			productName = Spliteasy;
			productReference = 384FC60C2F622EDE0096EE9F /* Spliteasy.app */;
			productType = "com.apple.product-type.application";
		};
/* End PBXNativeTarget section */

/* Begin PBXProject section */
		384FC6042F622EDE0096EE9F /* Project object */ = {
			isa = PBXProject;
			attributes = {
				BuildIndependentTargetsInParallel = 1;
				LastSwiftUpdateCheck = 2620;
				LastUpgradeCheck = 2640;
				TargetAttributes = {
					384FC60B2F622EDE0096EE9F = {
						CreatedOnToolsVersion = 26.2;
					};
				};
			};
			buildConfigurationList = 384FC6072F622EDE0096EE9F /* Build configuration list for PBXProject "Spliteasy" */;
			developmentRegion = en;
			hasScannedForEncodings = 0;
			knownRegions = (
				en,
				Base,
			);
			mainGroup = 384FC6032F622EDE0096EE9F;
			minimizedProjectReferenceProxies = 1;
			packageReferences = (
				38C263C22F775C7600DC7A6F /* XCRemoteSwiftPackageReference "firebase-ios-sdk" */,
				3855E6C82F8F050400DA9553 /* XCRemoteSwiftPackageReference "supabase-swift" */,
			);
			preferredProjectObjectVersion = 77;
			productRefGroup = 384FC60D2F622EDE0096EE9F /* Products */;
			projectDirPath = "";
			projectRoot = "";
			targets = (
				384FC60B2F622EDE0096EE9F /* Spliteasy */,
			);
		};
/* End PBXProject section */

/* Begin PBXResourcesBuildPhase section */
		384FC60A2F622EDE0096EE9F /* Resources */ = {
			isa = PBXResourcesBuildPhase;
			buildActionMask = 2147483647;
			files = (
			);
			runOnlyForDeploymentPostprocessing = 0;
		};
/* End PBXResourcesBuildPhase section */

/* Begin PBXSourcesBuildPhase section */
		384FC6082F622EDE0096EE9F /* Sources */ = {
			isa = PBXSourcesBuildPhase;
			buildActionMask = 2147483647;
			files = (
			);
			runOnlyForDeploymentPostprocessing = 0;
		};
/* End PBXSourcesBuildPhase section */

/* Begin XCBuildConfiguration section */
		384FC6152F622EDF0096EE9F /* Debug */ = {
			isa = XCBuildConfiguration;
			buildSettings = {
				ALWAYS_SEARCH_USER_PATHS = NO;
				ASSETCATALOG_COMPILER_GENERATE_SWIFT_ASSET_SYMBOL_EXTENSIONS = YES;
				CLANG_ANALYZER_NONNULL = YES;
				CLANG_ANALYZER_NUMBER_OBJECT_CONVERSION = YES_AGGRESSIVE;
				CLANG_CXX_LANGUAGE_STANDARD = "gnu++20";
				CLANG_ENABLE_MODULES = YES;
				CLANG_ENABLE_OBJC_ARC = YES;
				CLANG_ENABLE_OBJC_WEAK = YES;
				CLANG_WARN_BLOCK_CAPTURE_AUTORELEASING = YES;
				CLANG_WARN_BOOL_CONVERSION = YES;
				CLANG_WARN_COMMA = YES;
				CLANG_WARN_CONSTANT_CONVERSION = YES;
				CLANG_WARN_DEPRECATED_OBJC_IMPLEMENTATIONS = YES;
				CLANG_WARN_DIRECT_OBJC_ISA_USAGE = YES_ERROR;
				CLANG_WARN_DOCUMENTATION_COMMENTS = YES;
				CLANG_WARN_EMPTY_BODY = YES;
				CLANG_WARN_ENUM_CONVERSION = YES;
				CLANG_WARN_INFINITE_RECURSION = YES;
				CLANG_WARN_INT_CONVERSION = YES;
				CLANG_WARN_NON_LITERAL_NULL_CONVERSION = YES;
				CLANG_WARN_OBJC_IMPLICIT_RETAIN_SELF = YES;
				CLANG_WARN_OBJC_LITERAL_CONVERSION = YES;
				CLANG_WARN_OBJC_ROOT_CLASS = YES_ERROR;
				CLANG_WARN_QUOTED_INCLUDE_IN_FRAMEWORK_HEADER = YES;
				CLANG_WARN_RANGE_LOOP_ANALYSIS = YES;
				CLANG_WARN_STRICT_PROTOTYPES = YES;
				CLANG_WARN_SUSPICIOUS_MOVE = YES;
				CLANG_WARN_UNGUARDED_AVAILABILITY = YES_AGGRESSIVE;
				CLANG_WARN_UNREACHABLE_CODE = YES;
				CLANG_WARN__DUPLICATE_METHOD_MATCH = YES;
				COPY_PHASE_STRIP = NO;
				DEAD_CODE_STRIPPING = YES;
				DEBUG_INFORMATION_FORMAT = dwarf;
				ENABLE_STRICT_OBJC_MSGSEND = YES;
				ENABLE_TESTABILITY = YES;
				ENABLE_USER_SCRIPT_SANDBOXING = YES;
				GCC_C_LANGUAGE_STANDARD = gnu17;
				GCC_DYNAMIC_NO_PIC = NO;
				GCC_NO_COMMON_BLOCKS = YES;
				GCC_OPTIMIZATION_LEVEL = 0;
				GCC_PREPROCESSOR_DEFINITIONS = (
					"DEBUG=1",
					"$(inherited)",
				);
				GCC_WARN_64_TO_32_BIT_CONVERSION = YES;
				GCC_WARN_ABOUT_RETURN_TYPE = YES_ERROR;
				GCC_WARN_UNDECLARED_SELECTOR = YES;
				GCC_WARN_UNINITIALIZED_AUTOS = YES_AGGRESSIVE;
				GCC_WARN_UNUSED_FUNCTION = YES;
				GCC_WARN_UNUSED_VARIABLE = YES;
				LOCALIZATION_PREFERS_STRING_CATALOGS = YES;
				MTL_ENABLE_DEBUG_INFO = INCLUDE_SOURCE;
				MTL_FAST_MATH = YES;
				ONLY_ACTIVE_ARCH = YES;
				STRING_CATALOG_GENERATE_SYMBOLS = YES;
				SWIFT_ACTIVE_COMPILATION_CONDITIONS = "DEBUG $(inherited)";
				SWIFT_OPTIMIZATION_LEVEL = "-Onone";
			};
			name = Debug;
		};
		384FC6162F622EDF0096EE9F /* Release */ = {
			isa = XCBuildConfiguration;
			buildSettings = {
				ALWAYS_SEARCH_USER_PATHS = NO;
				ASSETCATALOG_COMPILER_GENERATE_SWIFT_ASSET_SYMBOL_EXTENSIONS = YES;
				CLANG_ANALYZER_NONNULL = YES;
				CLANG_ANALYZER_NUMBER_OBJECT_CONVERSION = YES_AGGRESSIVE;
				CLANG_CXX_LANGUAGE_STANDARD = "gnu++20";
				CLANG_ENABLE_MODULES = YES;
				CLANG_ENABLE_OBJC_ARC = YES;
				CLANG_ENABLE_OBJC_WEAK = YES;
				CLANG_WARN_BLOCK_CAPTURE_AUTORELEASING = YES;
				CLANG_WARN_BOOL_CONVERSION = YES;
				CLANG_WARN_COMMA = YES;
				CLANG_WARN_CONSTANT_CONVERSION = YES;
				CLANG_WARN_DEPRECATED_OBJC_IMPLEMENTATIONS = YES;
				CLANG_WARN_DIRECT_OBJC_ISA_USAGE = YES_ERROR;
				CLANG_WARN_DOCUMENTATION_COMMENTS = YES;
				CLANG_WARN_EMPTY_BODY = YES;
				CLANG_WARN_ENUM_CONVERSION = YES;
				CLANG_WARN_INFINITE_RECURSION = YES;
				CLANG_WARN_INT_CONVERSION = YES;
				CLANG_WARN_NON_LITERAL_NULL_CONVERSION = YES;
				CLANG_WARN_OBJC_IMPLICIT_RETAIN_SELF = YES;
				CLANG_WARN_OBJC_LITERAL_CONVERSION = YES;
				CLANG_WARN_OBJC_ROOT_CLASS = YES_ERROR;
				CLANG_WARN_QUOTED_INCLUDE_IN_FRAMEWORK_HEADER = YES;
				CLANG_WARN_RANGE_LOOP_ANALYSIS = YES;
				CLANG_WARN_STRICT_PROTOTYPES = YES;
				CLANG_WARN_SUSPICIOUS_MOVE = YES;
				CLANG_WARN_UNGUARDED_AVAILABILITY = YES_AGGRESSIVE;
				CLANG_WARN_UNREACHABLE_CODE = YES;
				CLANG_WARN__DUPLICATE_METHOD_MATCH = YES;
				COPY_PHASE_STRIP = NO;
				DEAD_CODE_STRIPPING = YES;
				DEBUG_INFORMATION_FORMAT = "dwarf-with-dsym";
				ENABLE_NS_ASSERTIONS = NO;
				ENABLE_STRICT_OBJC_MSGSEND = YES;
				ENABLE_USER_SCRIPT_SANDBOXING = YES;
				GCC_C_LANGUAGE_STANDARD = gnu17;
				GCC_NO_COMMON_BLOCKS = YES;
				GCC_WARN_64_TO_32_BIT_CONVERSION = YES;
				GCC_WARN_ABOUT_RETURN_TYPE = YES_ERROR;
				GCC_WARN_UNDECLARED_SELECTOR = YES;
				GCC_WARN_UNINITIALIZED_AUTOS = YES_AGGRESSIVE;
				GCC_WARN_UNUSED_FUNCTION = YES;
				GCC_WARN_UNUSED_VARIABLE = YES;
				LOCALIZATION_PREFERS_STRING_CATALOGS = YES;
				MTL_ENABLE_DEBUG_INFO = NO;
				MTL_FAST_MATH = YES;
				STRING_CATALOG_GENERATE_SYMBOLS = YES;
				SWIFT_COMPILATION_MODE = wholemodule;
			};
			name = Release;
		};
		384FC6182F622EDF0096EE9F /* Debug */ = {
			isa = XCBuildConfiguration;
			buildSettings = {
				ASSETCATALOG_COMPILER_APPICON_NAME = AppIcon;
				ASSETCATALOG_COMPILER_GLOBAL_ACCENT_COLOR_NAME = AccentColor;
				CODE_SIGN_STYLE = Automatic;
				CURRENT_PROJECT_VERSION = 1;
				DEAD_CODE_STRIPPING = YES;
				ENABLE_APP_SANDBOX = YES;
				ENABLE_PREVIEWS = YES;
				ENABLE_USER_SELECTED_FILES = readonly;
				GENERATE_INFOPLIST_FILE = YES;
				"INFOPLIST_KEY_UIApplicationSceneManifest_Generation[sdk=iphoneos*]" = YES;
				"INFOPLIST_KEY_UIApplicationSceneManifest_Generation[sdk=iphonesimulator*]" = YES;
				"INFOPLIST_KEY_UIApplicationSupportsIndirectInputEvents[sdk=iphoneos*]" = YES;
				"INFOPLIST_KEY_UIApplicationSupportsIndirectInputEvents[sdk=iphonesimulator*]" = YES;
				"INFOPLIST_KEY_UILaunchScreen_Generation[sdk=iphoneos*]" = YES;
				"INFOPLIST_KEY_UILaunchScreen_Generation[sdk=iphonesimulator*]" = YES;
				"INFOPLIST_KEY_UIStatusBarStyle[sdk=iphoneos*]" = UIStatusBarStyleDefault;
				"INFOPLIST_KEY_UIStatusBarStyle[sdk=iphonesimulator*]" = UIStatusBarStyleDefault;
				INFOPLIST_KEY_UISupportedInterfaceOrientations_iPad = "UIInterfaceOrientationPortrait UIInterfaceOrientationPortraitUpsideDown UIInterfaceOrientationLandscapeLeft UIInterfaceOrientationLandscapeRight";
				INFOPLIST_KEY_UISupportedInterfaceOrientations_iPhone = "UIInterfaceOrientationPortrait UIInterfaceOrientationLandscapeLeft UIInterfaceOrientationLandscapeRight";
				IPHONEOS_DEPLOYMENT_TARGET = 26.2;
				LD_RUNPATH_SEARCH_PATHS = "@executable_path/Frameworks";
				"LD_RUNPATH_SEARCH_PATHS[sdk=macosx*]" = "@executable_path/../Frameworks";
				MACOSX_DEPLOYMENT_TARGET = 26.2;
				MARKETING_VERSION = 1.0;
				PRODUCT_BUNDLE_IDENTIFIER = unh.Spliteasy;
				PRODUCT_NAME = "$(TARGET_NAME)";
				REGISTER_APP_GROUPS = YES;
				SDKROOT = auto;
				STRING_CATALOG_GENERATE_SYMBOLS = YES;
				SUPPORTED_PLATFORMS = "iphoneos iphonesimulator macosx xros xrsimulator";
				SWIFT_APPROACHABLE_CONCURRENCY = YES;
				SWIFT_DEFAULT_ACTOR_ISOLATION = MainActor;
				SWIFT_EMIT_LOC_STRINGS = YES;
				SWIFT_UPCOMING_FEATURE_MEMBER_IMPORT_VISIBILITY = YES;
				SWIFT_VERSION = 5.0;
				TARGETED_DEVICE_FAMILY = "1,2,7";
				XROS_DEPLOYMENT_TARGET = 26.2;
			};
			name = Debug;
		};
		384FC6192F622EDF0096EE9F /* Release */ = {
			isa = XCBuildConfiguration;
			buildSettings = {
				ASSETCATALOG_COMPILER_APPICON_NAME = AppIcon;
				ASSETCATALOG_COMPILER_GLOBAL_ACCENT_COLOR_NAME = AccentColor;
				CODE_SIGN_STYLE = Automatic;
				CURRENT_PROJECT_VERSION = 1;
				DEAD_CODE_STRIPPING = YES;
				ENABLE_APP_SANDBOX = YES;
				ENABLE_PREVIEWS = YES;
				ENABLE_USER_SELECTED_FILES = readonly;
				GENERATE_INFOPLIST_FILE = YES;
				"INFOPLIST_KEY_UIApplicationSceneManifest_Generation[sdk=iphoneos*]" = YES;
				"INFOPLIST_KEY_UIApplicationSceneManifest_Generation[sdk=iphonesimulator*]" = YES;
				"INFOPLIST_KEY_UIApplicationSupportsIndirectInputEvents[sdk=iphoneos*]" = YES;
				"INFOPLIST_KEY_UIApplicationSupportsIndirectInputEvents[sdk=iphonesimulator*]" = YES;
				"INFOPLIST_KEY_UILaunchScreen_Generation[sdk=iphoneos*]" = YES;
				"INFOPLIST_KEY_UILaunchScreen_Generation[sdk=iphonesimulator*]" = YES;
				"INFOPLIST_KEY_UIStatusBarStyle[sdk=iphoneos*]" = UIStatusBarStyleDefault;
				"INFOPLIST_KEY_UIStatusBarStyle[sdk=iphonesimulator*]" = UIStatusBarStyleDefault;
				INFOPLIST_KEY_UISupportedInterfaceOrientations_iPad = "UIInterfaceOrientationPortrait UIInterfaceOrientationPortraitUpsideDown UIInterfaceOrientationLandscapeLeft UIInterfaceOrientationLandscapeRight";
				INFOPLIST_KEY_UISupportedInterfaceOrientations_iPhone = "UIInterfaceOrientationPortrait UIInterfaceOrientationLandscapeLeft UIInterfaceOrientationLandscapeRight";
				IPHONEOS_DEPLOYMENT_TARGET = 26.2;
				LD_RUNPATH_SEARCH_PATHS = "@executable_path/Frameworks";
				"LD_RUNPATH_SEARCH_PATHS[sdk=macosx*]" = "@executable_path/../Frameworks";
				MACOSX_DEPLOYMENT_TARGET = 26.2;
				MARKETING_VERSION = 1.0;
				PRODUCT_BUNDLE_IDENTIFIER = unh.Spliteasy;
				PRODUCT_NAME = "$(TARGET_NAME)";
				REGISTER_APP_GROUPS = YES;
				SDKROOT = auto;
				STRING_CATALOG_GENERATE_SYMBOLS = YES;
				SUPPORTED_PLATFORMS = "iphoneos iphonesimulator macosx xros xrsimulator";
				SWIFT_APPROACHABLE_CONCURRENCY = YES;
				SWIFT_DEFAULT_ACTOR_ISOLATION = MainActor;
				SWIFT_EMIT_LOC_STRINGS = YES;
				SWIFT_UPCOMING_FEATURE_MEMBER_IMPORT_VISIBILITY = YES;
				SWIFT_VERSION = 5.0;
				TARGETED_DEVICE_FAMILY = "1,2,7";
				XROS_DEPLOYMENT_TARGET = 26.2;
			};
			name = Release;
		};
/* End XCBuildConfiguration section */

/* Begin XCConfigurationList section */
		384FC6072F622EDE0096EE9F /* Build configuration list for PBXProject "Spliteasy" */ = {
			isa = XCConfigurationList;
			buildConfigurations = (
				384FC6152F622EDF0096EE9F /* Debug */,
				384FC6162F622EDF0096EE9F /* Release */,
			);
			defaultConfigurationIsVisible = 0;
			defaultConfigurationName = Release;
		};
		384FC6172F622EDF0096EE9F /* Build configuration list for PBXNativeTarget "Spliteasy" */ = {
			isa = XCConfigurationList;
			buildConfigurations = (
				384FC6182F622EDF0096EE9F /* Debug */,
				384FC6192F622EDF0096EE9F /* Release */,
			);
			defaultConfigurationIsVisible = 0;
			defaultConfigurationName = Release;
		};
/* End XCConfigurationList section */

/* Begin XCRemoteSwiftPackageReference section */
		3855E6C82F8F050400DA9553 /* XCRemoteSwiftPackageReference "supabase-swift" */ = {
			isa = XCRemoteSwiftPackageReference;
			repositoryURL = "https://github.com/supabase-community/supabase-swift";
			requirement = {
				kind = upToNextMajorVersion;
				minimumVersion = 2.5.1;
			};
		};
		38C263C22F775C7600DC7A6F /* XCRemoteSwiftPackageReference "firebase-ios-sdk" */ = {
			isa = XCRemoteSwiftPackageReference;
			repositoryURL = "https://github.com/firebase/firebase-ios-sdk";
			requirement = {
				kind = upToNextMajorVersion;
				minimumVersion = 11.8.0;
			};
		};
/* End XCRemoteSwiftPackageReference section */

/* Begin XCSwiftPackageProductDependency section */
		3855E6C92F8F050400DA9553 /* Auth */ = {
			isa = XCSwiftPackageProductDependency;
			package = 3855E6C82F8F050400DA9553 /* XCRemoteSwiftPackageReference "supabase-swift" */;
			productName = Auth;
		};
		3855E6CB2F8F050400DA9553 /* Functions */ = {
			isa = XCSwiftPackageProductDependency;
			package = 3855E6C82F8F050400DA9553 /* XCRemoteSwiftPackageReference "supabase-swift" */;
			productName = Functions;
		};
		3855E6CD2F8F050400DA9553 /* PostgREST */ = {
			isa = XCSwiftPackageProductDependency;
			package = 3855E6C82F8F050400DA9553 /* XCRemoteSwiftPackageReference "supabase-swift" */;
			productName = PostgREST;
		};
		3855E6CF2F8F050400DA9553 /* Realtime */ = {
			isa = XCSwiftPackageProductDependency;
			package = 3855E6C82F8F050400DA9553 /* XCRemoteSwiftPackageReference "supabase-swift" */;
			productName = Realtime;
		};
		3855E6D12F8F050400DA9553 /* Storage */ = {
			isa = XCSwiftPackageProductDependency;
			package = 3855E6C82F8F050400DA9553 /* XCRemoteSwiftPackageReference "supabase-swift" */;
			productName = Storage;
		};
		3855E6D32F8F050400DA9553 /* Supabase */ = {
			isa = XCSwiftPackageProductDependency;
			package = 3855E6C82F8F050400DA9553 /* XCRemoteSwiftPackageReference "supabase-swift" */;
			productName = Supabase;
		};
		38C263C32F775C7600DC7A6F /* FirebaseAI */ = {
			isa = XCSwiftPackageProductDependency;
			package = 38C263C22F775C7600DC7A6F /* XCRemoteSwiftPackageReference "firebase-ios-sdk" */;
			productName = FirebaseAI;
		};
		38C263C52F775C7600DC7A6F /* FirebaseAnalytics */ = {
			isa = XCSwiftPackageProductDependency;
			package = 38C263C22F775C7600DC7A6F /* XCRemoteSwiftPackageReference "firebase-ios-sdk" */;
			productName = FirebaseAnalytics;
		};
		38C263C72F775C7600DC7A6F /* FirebaseAnalyticsCore */ = {
			isa = XCSwiftPackageProductDependency;
			package = 38C263C22F775C7600DC7A6F /* XCRemoteSwiftPackageReference "firebase-ios-sdk" */;
			productName = FirebaseAnalyticsCore;
		};
		38C263C92F775C7600DC7A6F /* FirebaseAnalyticsIdentitySupport */ = {
			isa = XCSwiftPackageProductDependency;
			package = 38C263C22F775C7600DC7A6F /* XCRemoteSwiftPackageReference "firebase-ios-sdk" */;
			productName = FirebaseAnalyticsIdentitySupport;
		};
		38C263CB2F775C7600DC7A6F /* FirebaseAnalyticsOnDeviceConversion */ = {
			isa = XCSwiftPackageProductDependency;
			package = 38C263C22F775C7600DC7A6F /* XCRemoteSwiftPackageReference "firebase-ios-sdk" */;
			productName = FirebaseAnalyticsOnDeviceConversion;
		};
		38C263CD2F775C7600DC7A6F /* FirebaseAnalyticsWithoutAdIdSupport */ = {
			isa = XCSwiftPackageProductDependency;
			package = 38C263C22F775C7600DC7A6F /* XCRemoteSwiftPackageReference "firebase-ios-sdk" */;
			productName = FirebaseAnalyticsWithoutAdIdSupport;
		};
		38C263CF2F775C7600DC7A6F /* FirebaseAppCheck */ = {
			isa = XCSwiftPackageProductDependency;
			package = 38C263C22F775C7600DC7A6F /* XCRemoteSwiftPackageReference "firebase-ios-sdk" */;
			productName = FirebaseAppCheck;
		};
		38C263D12F775C7600DC7A6F /* FirebaseAppDistribution-Beta */ = {
			isa = XCSwiftPackageProductDependency;
			package = 38C263C22F775C7600DC7A6F /* XCRemoteSwiftPackageReference "firebase-ios-sdk" */;
			productName = "FirebaseAppDistribution-Beta";
		};
		38C263D32F775C7600DC7A6F /* FirebaseAuth */ = {
			isa = XCSwiftPackageProductDependency;
			package = 38C263C22F775C7600DC7A6F /* XCRemoteSwiftPackageReference "firebase-ios-sdk" */;
			productName = FirebaseAuth;
		};
		38C263D52F775C7600DC7A6F /* FirebaseAuthCombine-Community */ = {
			isa = XCSwiftPackageProductDependency;
			package = 38C263C22F775C7600DC7A6F /* XCRemoteSwiftPackageReference "firebase-ios-sdk" */;
			productName = "FirebaseAuthCombine-Community";
		};
		38C263D72F775C7600DC7A6F /* FirebaseCore */ = {
			isa = XCSwiftPackageProductDependency;
			package = 38C263C22F775C7600DC7A6F /* XCRemoteSwiftPackageReference "firebase-ios-sdk" */;
			productName = FirebaseCore;
		};
		38C263D92F775C7600DC7A6F /* FirebaseCrashlytics */ = {
			isa = XCSwiftPackageProductDependency;
			package = 38C263C22F775C7600DC7A6F /* XCRemoteSwiftPackageReference "firebase-ios-sdk" */;
			productName = FirebaseCrashlytics;
		};
		38C263DB2F775C7600DC7A6F /* FirebaseDatabase */ = {
			isa = XCSwiftPackageProductDependency;
			package = 38C263C22F775C7600DC7A6F /* XCRemoteSwiftPackageReference "firebase-ios-sdk" */;
			productName = FirebaseDatabase;
		};
		38C263DD2F775C7600DC7A6F /* FirebaseDynamicLinks */ = {
			isa = XCSwiftPackageProductDependency;
			package = 38C263C22F775C7600DC7A6F /* XCRemoteSwiftPackageReference "firebase-ios-sdk" */;
			productName = FirebaseDynamicLinks;
		};
		38C263DF2F775C7600DC7A6F /* FirebaseFirestore */ = {
			isa = XCSwiftPackageProductDependency;
			package = 38C263C22F775C7600DC7A6F /* XCRemoteSwiftPackageReference "firebase-ios-sdk" */;
			productName = FirebaseFirestore;
		};
		38C263E12F775C7600DC7A6F /* FirebaseFirestoreCombine-Community */ = {
			isa = XCSwiftPackageProductDependency;
			package = 38C263C22F775C7600DC7A6F /* XCRemoteSwiftPackageReference "firebase-ios-sdk" */;
			productName = "FirebaseFirestoreCombine-Community";
		};
		38C263E32F775C7600DC7A6F /* FirebaseFunctions */ = {
			isa = XCSwiftPackageProductDependency;
			package = 38C263C22F775C7600DC7A6F /* XCRemoteSwiftPackageReference "firebase-ios-sdk" */;
			productName = FirebaseFunctions;
		};
		38C263E52F775C7600DC7A6F /* FirebaseFunctionsCombine-Community */ = {
			isa = XCSwiftPackageProductDependency;
			package = 38C263C22F775C7600DC7A6F /* XCRemoteSwiftPackageReference "firebase-ios-sdk" */;
			productName = "FirebaseFunctionsCombine-Community";
		};
		38C263E72F775C7600DC7A6F /* FirebaseInAppMessaging-Beta */ = {
			isa = XCSwiftPackageProductDependency;
			package = 38C263C22F775C7600DC7A6F /* XCRemoteSwiftPackageReference "firebase-ios-sdk" */;
			productName = "FirebaseInAppMessaging-Beta";
		};
		38C263E92F775C7600DC7A6F /* FirebaseInstallations */ = {
			isa = XCSwiftPackageProductDependency;
			package = 38C263C22F775C7600DC7A6F /* XCRemoteSwiftPackageReference "firebase-ios-sdk" */;
			productName = FirebaseInstallations;
		};
		38C263EB2F775C7600DC7A6F /* FirebaseMLModelDownloader */ = {
			isa = XCSwiftPackageProductDependency;
			package = 38C263C22F775C7600DC7A6F /* XCRemoteSwiftPackageReference "firebase-ios-sdk" */;
			productName = FirebaseMLModelDownloader;
		};
		38C263ED2F775C7600DC7A6F /* FirebaseMessaging */ = {
			isa = XCSwiftPackageProductDependency;
			package = 38C263C22F775C7600DC7A6F /* XCRemoteSwiftPackageReference "firebase-ios-sdk" */;
			productName = FirebaseMessaging;
		};
		38C263EF2F775C7600DC7A6F /* FirebasePerformance */ = {
			isa = XCSwiftPackageProductDependency;
			package = 38C263C22F775C7600DC7A6F /* XCRemoteSwiftPackageReference "firebase-ios-sdk" */;
			productName = FirebasePerformance;
		};
		38C263F12F775C7600DC7A6F /* FirebaseRemoteConfig */ = {
			isa = XCSwiftPackageProductDependency;
			package = 38C263C22F775C7600DC7A6F /* XCRemoteSwiftPackageReference "firebase-ios-sdk" */;
			productName = FirebaseRemoteConfig;
		};
		38C263F32F775C7600DC7A6F /* FirebaseStorage */ = {
			isa = XCSwiftPackageProductDependency;
			package = 38C263C22F775C7600DC7A6F /* XCRemoteSwiftPackageReference "firebase-ios-sdk" */;
			productName = FirebaseStorage;
		};
		38C263F52F775C7600DC7A6F /* FirebaseStorageCombine-Community */ = {
			isa = XCSwiftPackageProductDependency;
			package = 38C263C22F775C7600DC7A6F /* XCRemoteSwiftPackageReference "firebase-ios-sdk" */;
			productName = "FirebaseStorageCombine-Community";
		};
		38C263F72F775C7600DC7A6F /* FirebaseVertexAI */ = {
			isa = XCSwiftPackageProductDependency;
			package = 38C263C22F775C7600DC7A6F /* XCRemoteSwiftPackageReference "firebase-ios-sdk" */;
			productName = FirebaseVertexAI;
		};
/* End XCSwiftPackageProductDependency section */
	};
	rootObject = 384FC6042F622EDE0096EE9F /* Project object */;
}
